
Microsoft Visual Studio Solution File, Format Version 12.00
# Visual Studio Version 17
VisualStudioVersion = 17.10.35027.167
MinimumVisualStudioVersion = 10.0.40219.1
Project("{FAE04EC0-301F-11D3-BF4B-00C04F79EFBC}") = "QuickFix.mu", "QuickFix.mu\QuickFix.mu.csproj", "{69D320EE-E9D2-4E1B-9720-8392101B7E6E}"
EndProject
Project("{FAE04EC0-301F-11D3-BF4B-00C04F79EFBC}") = "QuickFix.mu.Tests", "QuickFix.mu.Tests\QuickFix.mu.Tests.csproj", "{6C1B38C9-E193-49F3-A5D7-05CC1BC18393}"
EndProject
Global
	GlobalSection(SolutionConfigurationPlatforms) = preSolution
		Debug|Any CPU = Debug|Any CPU
		Release|Any CPU = Release|Any CPU
	EndGlobalSection
	GlobalSection(ProjectConfigurationPlatforms) = postSolution
		{69D320EE-E9D2-4E1B-9720-8392101B7E6E}.Debug|Any CPU.ActiveCfg = Debug|Any CPU
		{69D320EE-E9D2-4E1B-9720-8392101B7E6E}.Debug|Any CPU.Build.0 = Debug|Any CPU
		{69D320EE-E9D2-4E1B-9720-8392101B7E6E}.Release|Any CPU.ActiveCfg = Release|Any CPU
		{69D320EE-E9D2-4E1B-9720-8392101B7E6E}.Release|Any CPU.Build.0 = Release|Any CPU
		{6C1B38C9-E193-49F3-A5D7-05CC1BC18393}.Debug|Any CPU.ActiveCfg = Debug|Any CPU
		{6C1B38C9-E193-49F3-A5D7-05CC1BC18393}.Debug|Any CPU.Build.0 = Debug|Any CPU
		{6C1B38C9-E193-49F3-A5D7-05CC1BC18393}.Release|Any CPU.ActiveCfg = Release|Any CPU
		{6C1B38C9-E193-49F3-A5D7-05CC1BC18393}.Release|Any CPU.Build.0 = Release|Any CPU
	EndGlobalSection
	GlobalSection(SolutionProperties) = preSolution
		HideSolutionNode = FALSE
	EndGlobalSection
	GlobalSection(ExtensibilityGlobals) = postSolution
		SolutionGuid = {229A72C0-0725-4AB7-B2C0-7CE616FFCE85}
	EndGlobalSection
EndGlobal
